// !$*UTF8*$!
{
	archiveVersion = 1;
	classes = {
	};
	objectVersion = 46;
	objects = {

/* Begin PBXBuildFile section */
		059FA35A4B96CC8BF0290182 /* Pods_SwiftBomb_Example.framework in Frameworks */ = {isa = PBXBuildFile; fileRef = B6466137110C97AB8003295B /* Pods_SwiftBomb_Example.framework */; };
		5229CCC01CD7B34C008A13BE /* CharactersResourcePaginator.swift in Sources */ = {isa = PBXBuildFile; fileRef = 5229CCB51CD7B34C008A13BE /* CharactersResourcePaginator.swift */; };
		5229CCC21CD7B34C008A13BE /* CompanyResourcePaginator.swift in Sources */ = {isa = PBXBuildFile; fileRef = 5229CCB71CD7B34C008A13BE /* CompanyResourcePaginator.swift */; };
		5229CCC31CD7B34C008A13BE /* ConceptResourcePaginator.swift in Sources */ = {isa = PBXBuildFile; fileRef = 5229CCB81CD7B34C008A13BE /* ConceptResourcePaginator.swift */; };
		5229CCC41CD7B34C008A13BE /* FranchiseResourcePaginator.swift in Sources */ = {isa = PBXBuildFile; fileRef = 5229CCB91CD7B34C008A13BE /* FranchiseResourcePaginator.swift */; };
		5229CCC51CD7B34C008A13BE /* GameResourcePaginator.swift in Sources */ = {isa = PBXBuildFile; fileRef = 5229CCBA1CD7B34C008A13BE /* GameResourcePaginator.swift */; };
		5229CCC61CD7B34C008A13BE /* GenreResourcePaginator.swift in Sources */ = {isa = PBXBuildFile; fileRef = 5229CCBB1CD7B34C008A13BE /* GenreResourcePaginator.swift */; };
		5229CCC71CD7B34C008A13BE /* LocationResourcePaginator.swift in Sources */ = {isa = PBXBuildFile; fileRef = 5229CCBC1CD7B34C008A13BE /* LocationResourcePaginator.swift */; };
		5229CCC81CD7B34C008A13BE /* ObjectResourcePaginator.swift in Sources */ = {isa = PBXBuildFile; fileRef = 5229CCBD1CD7B34C008A13BE /* ObjectResourcePaginator.swift */; };
		5229CCC91CD7B34C008A13BE /* PersonResourcePaginator.swift in Sources */ = {isa = PBXBuildFile; fileRef = 5229CCBE1CD7B34C008A13BE /* PersonResourcePaginator.swift */; };
		5229CCCA1CD7B34C008A13BE /* VideoResourcePaginator.swift in Sources */ = {isa = PBXBuildFile; fileRef = 5229CCBF1CD7B34C008A13BE /* VideoResourcePaginator.swift */; };
		5229CCD31CD7B836008A13BE /* ResourcesListViewController.swift in Sources */ = {isa = PBXBuildFile; fileRef = 5229CCCD1CD7B836008A13BE /* ResourcesListViewController.swift */; };
		5229CCD41CD7B836008A13BE /* ResourcesMenuViewController.swift in Sources */ = {isa = PBXBuildFile; fileRef = 5229CCCE1CD7B836008A13BE /* ResourcesMenuViewController.swift */; };
		5229CCD51CD7B836008A13BE /* ResourceTableViewCell.swift in Sources */ = {isa = PBXBuildFile; fileRef = 5229CCCF1CD7B836008A13BE /* ResourceTableViewCell.swift */; };
		5229CCD61CD7B836008A13BE /* SearchResultsListViewController.swift in Sources */ = {isa = PBXBuildFile; fileRef = 5229CCD01CD7B836008A13BE /* SearchResultsListViewController.swift */; };
		5229CCE21CD7C7F0008A13BE /* Diskcached.swift in Sources */ = {isa = PBXBuildFile; fileRef = 5229CCDB1CD7C7F0008A13BE /* Diskcached.swift */; };
		5229CCE31CD7C7F0008A13BE /* ImageLoader.swift in Sources */ = {isa = PBXBuildFile; fileRef = 5229CCDD1CD7C7F0008A13BE /* ImageLoader.swift */; };
		5229CCE41CD7C7F0008A13BE /* Info.plist in Resources */ = {isa = PBXBuildFile; fileRef = 5229CCDE1CD7C7F0008A13BE /* Info.plist */; };
		5229CCE51CD7C7F0008A13BE /* Manager.swift in Sources */ = {isa = PBXBuildFile; fileRef = 5229CCDF1CD7C7F0008A13BE /* Manager.swift */; };
		5229CCE61CD7C7F0008A13BE /* UIImage+ImageLoader.swift in Sources */ = {isa = PBXBuildFile; fileRef = 5229CCE01CD7C7F0008A13BE /* UIImage+ImageLoader.swift */; };
		5229CCE71CD7C7F0008A13BE /* UIImageView+ImageLoader.swift in Sources */ = {isa = PBXBuildFile; fileRef = 5229CCE11CD7C7F0008A13BE /* UIImageView+ImageLoader.swift */; };
		5229CCEA1CD7D6AC008A13BE /* AccessoryResourcePaginator.swift in Sources */ = {isa = PBXBuildFile; fileRef = 5229CCE91CD7D6AC008A13BE /* AccessoryResourcePaginator.swift */; };
		5229CCED1CD7D7D6008A13BE /* AccessoryViewController.swift in Sources */ = {isa = PBXBuildFile; fileRef = 5229CCEB1CD7D7D6008A13BE /* AccessoryViewController.swift */; };
		5229CCEE1CD7D7D6008A13BE /* CharacterViewController.swift in Sources */ = {isa = PBXBuildFile; fileRef = 5229CCEC1CD7D7D6008A13BE /* CharacterViewController.swift */; };
		52C6EFD71CDDD72E00394296 /* StringUtils.swift in Sources */ = {isa = PBXBuildFile; fileRef = 52C6EFD61CDDD72E00394296 /* StringUtils.swift */; };
		52C6EFD91CDDD86C00394296 /* BaseResourceDetailViewController.swift in Sources */ = {isa = PBXBuildFile; fileRef = 52C6EFD81CDDD86C00394296 /* BaseResourceDetailViewController.swift */; };
		52C6EFDB1CDDD8FD00394296 /* CompanyViewController.swift in Sources */ = {isa = PBXBuildFile; fileRef = 52C6EFDA1CDDD8FD00394296 /* CompanyViewController.swift */; };
		52C6EFDD1CDDE4B700394296 /* GameViewController.swift in Sources */ = {isa = PBXBuildFile; fileRef = 52C6EFDC1CDDE4B700394296 /* GameViewController.swift */; };
		52C6EFE41CDE135200394296 /* DetailWebViewController.swift in Sources */ = {isa = PBXBuildFile; fileRef = 52C6EFE31CDE135200394296 /* DetailWebViewController.swift */; };
		52C6EFE61CDE2C2000394296 /* FranchiseViewController.swift in Sources */ = {isa = PBXBuildFile; fileRef = 52C6EFE51CDE2C2000394296 /* FranchiseViewController.swift */; };
		52C6EFE81CDE378C00394296 /* PersonViewController.swift in Sources */ = {isa = PBXBuildFile; fileRef = 52C6EFE71CDE378C00394296 /* PersonViewController.swift */; };
		52C6EFEA1CDE5F7900394296 /* ConceptViewController.swift in Sources */ = {isa = PBXBuildFile; fileRef = 52C6EFE91CDE5F7900394296 /* ConceptViewController.swift */; };
		52C6EFEC1CDE665900394296 /* GenreViewController.swift in Sources */ = {isa = PBXBuildFile; fileRef = 52C6EFEB1CDE665900394296 /* GenreViewController.swift */; };
		52C6EFEE1CDE69A900394296 /* LocationViewController.swift in Sources */ = {isa = PBXBuildFile; fileRef = 52C6EFED1CDE69A900394296 /* LocationViewController.swift */; };
		52C6EFF01CDE840B00394296 /* ObjectViewController.swift in Sources */ = {isa = PBXBuildFile; fileRef = 52C6EFEF1CDE840B00394296 /* ObjectViewController.swift */; };
		52C6EFF21CDE881E00394296 /* VideoViewController.swift in Sources */ = {isa = PBXBuildFile; fileRef = 52C6EFF11CDE881E00394296 /* VideoViewController.swift */; };
		607FACD61AFB9204008FA782 /* AppDelegate.swift in Sources */ = {isa = PBXBuildFile; fileRef = 607FACD51AFB9204008FA782 /* AppDelegate.swift */; };
		607FACDB1AFB9204008FA782 /* Main.storyboard in Resources */ = {isa = PBXBuildFile; fileRef = 607FACD91AFB9204008FA782 /* Main.storyboard */; };
		607FACDD1AFB9204008FA782 /* Images.xcassets in Resources */ = {isa = PBXBuildFile; fileRef = 607FACDC1AFB9204008FA782 /* Images.xcassets */; };
		607FACE01AFB9204008FA782 /* LaunchScreen.xib in Resources */ = {isa = PBXBuildFile; fileRef = 607FACDE1AFB9204008FA782 /* LaunchScreen.xib */; };
		607FACEC1AFB9204008FA782 /* RequestTests.swift in Sources */ = {isa = PBXBuildFile; fileRef = 607FACEB1AFB9204008FA782 /* RequestTests.swift */; };
		E431A7FE4B3A6572E47734EF /* Pods_SwiftBomb_Tests.framework in Frameworks */ = {isa = PBXBuildFile; fileRef = 360A82AFAB6306B95DC129C7 /* Pods_SwiftBomb_Tests.framework */; };
/* End PBXBuildFile section */

/* Begin PBXContainerItemProxy section */
		607FACE61AFB9204008FA782 /* PBXContainerItemProxy */ = {
			isa = PBXContainerItemProxy;
			containerPortal = 607FACC81AFB9204008FA782 /* Project object */;
			proxyType = 1;
			remoteGlobalIDString = 607FACCF1AFB9204008FA782;
			remoteInfo = SwiftBomb;
		};
/* End PBXContainerItemProxy section */

/* Begin PBXFileReference section */
		0E08087DBE4665CB99790A49 /* Pods-SwiftBomb_Tests.debug.xcconfig */ = {isa = PBXFileReference; includeInIndex = 1; lastKnownFileType = text.xcconfig; name = "Pods-SwiftBomb_Tests.debug.xcconfig"; path = "Pods/Target Support Files/Pods-SwiftBomb_Tests/Pods-SwiftBomb_Tests.debug.xcconfig"; sourceTree = "<group>"; };
		360A82AFAB6306B95DC129C7 /* Pods_SwiftBomb_Tests.framework */ = {isa = PBXFileReference; explicitFileType = wrapper.framework; includeInIndex = 0; path = Pods_SwiftBomb_Tests.framework; sourceTree = BUILT_PRODUCTS_DIR; };
		5229CCB51CD7B34C008A13BE /* CharactersResourcePaginator.swift */ = {isa = PBXFileReference; fileEncoding = 4; lastKnownFileType = sourcecode.swift; path = CharactersResourcePaginator.swift; sourceTree = "<group>"; };
		5229CCB71CD7B34C008A13BE /* CompanyResourcePaginator.swift */ = {isa = PBXFileReference; fileEncoding = 4; lastKnownFileType = sourcecode.swift; path = CompanyResourcePaginator.swift; sourceTree = "<group>"; };
		5229CCB81CD7B34C008A13BE /* ConceptResourcePaginator.swift */ = {isa = PBXFileReference; fileEncoding = 4; lastKnownFileType = sourcecode.swift; path = ConceptResourcePaginator.swift; sourceTree = "<group>"; };
		5229CCB91CD7B34C008A13BE /* FranchiseResourcePaginator.swift */ = {isa = PBXFileReference; fileEncoding = 4; lastKnownFileType = sourcecode.swift; path = FranchiseResourcePaginator.swift; sourceTree = "<group>"; };
		5229CCBA1CD7B34C008A13BE /* GameResourcePaginator.swift */ = {isa = PBXFileReference; fileEncoding = 4; lastKnownFileType = sourcecode.swift; path = GameResourcePaginator.swift; sourceTree = "<group>"; };
		5229CCBB1CD7B34C008A13BE /* GenreResourcePaginator.swift */ = {isa = PBXFileReference; fileEncoding = 4; lastKnownFileType = sourcecode.swift; path = GenreResourcePaginator.swift; sourceTree = "<group>"; };
		5229CCBC1CD7B34C008A13BE /* LocationResourcePaginator.swift */ = {isa = PBXFileReference; fileEncoding = 4; lastKnownFileType = sourcecode.swift; path = LocationResourcePaginator.swift; sourceTree = "<group>"; };
		5229CCBD1CD7B34C008A13BE /* ObjectResourcePaginator.swift */ = {isa = PBXFileReference; fileEncoding = 4; lastKnownFileType = sourcecode.swift; path = ObjectResourcePaginator.swift; sourceTree = "<group>"; };
		5229CCBE1CD7B34C008A13BE /* PersonResourcePaginator.swift */ = {isa = PBXFileReference; fileEncoding = 4; lastKnownFileType = sourcecode.swift; path = PersonResourcePaginator.swift; sourceTree = "<group>"; };
		5229CCBF1CD7B34C008A13BE /* VideoResourcePaginator.swift */ = {isa = PBXFileReference; fileEncoding = 4; lastKnownFileType = sourcecode.swift; path = VideoResourcePaginator.swift; sourceTree = "<group>"; };
		5229CCCD1CD7B836008A13BE /* ResourcesListViewController.swift */ = {isa = PBXFileReference; fileEncoding = 4; lastKnownFileType = sourcecode.swift; path = ResourcesListViewController.swift; sourceTree = "<group>"; };
		5229CCCE1CD7B836008A13BE /* ResourcesMenuViewController.swift */ = {isa = PBXFileReference; fileEncoding = 4; lastKnownFileType = sourcecode.swift; path = ResourcesMenuViewController.swift; sourceTree = "<group>"; };
		5229CCCF1CD7B836008A13BE /* ResourceTableViewCell.swift */ = {isa = PBXFileReference; fileEncoding = 4; lastKnownFileType = sourcecode.swift; path = ResourceTableViewCell.swift; sourceTree = "<group>"; };
		5229CCD01CD7B836008A13BE /* SearchResultsListViewController.swift */ = {isa = PBXFileReference; fileEncoding = 4; lastKnownFileType = sourcecode.swift; path = SearchResultsListViewController.swift; sourceTree = "<group>"; };
		5229CCDB1CD7C7F0008A13BE /* Diskcached.swift */ = {isa = PBXFileReference; fileEncoding = 4; lastKnownFileType = sourcecode.swift; path = Diskcached.swift; sourceTree = "<group>"; };
		5229CCDC1CD7C7F0008A13BE /* ImageLoader.h */ = {isa = PBXFileReference; fileEncoding = 4; lastKnownFileType = sourcecode.c.h; path = ImageLoader.h; sourceTree = "<group>"; };
		5229CCDD1CD7C7F0008A13BE /* ImageLoader.swift */ = {isa = PBXFileReference; fileEncoding = 4; lastKnownFileType = sourcecode.swift; path = ImageLoader.swift; sourceTree = "<group>"; };
		5229CCDE1CD7C7F0008A13BE /* Info.plist */ = {isa = PBXFileReference; fileEncoding = 4; lastKnownFileType = text.plist.xml; path = Info.plist; sourceTree = "<group>"; };
		5229CCDF1CD7C7F0008A13BE /* Manager.swift */ = {isa = PBXFileReference; fileEncoding = 4; lastKnownFileType = sourcecode.swift; path = Manager.swift; sourceTree = "<group>"; };
		5229CCE01CD7C7F0008A13BE /* UIImage+ImageLoader.swift */ = {isa = PBXFileReference; fileEncoding = 4; lastKnownFileType = sourcecode.swift; path = "UIImage+ImageLoader.swift"; sourceTree = "<group>"; };
		5229CCE11CD7C7F0008A13BE /* UIImageView+ImageLoader.swift */ = {isa = PBXFileReference; fileEncoding = 4; lastKnownFileType = sourcecode.swift; path = "UIImageView+ImageLoader.swift"; sourceTree = "<group>"; };
		5229CCE91CD7D6AC008A13BE /* AccessoryResourcePaginator.swift */ = {isa = PBXFileReference; fileEncoding = 4; lastKnownFileType = sourcecode.swift; path = AccessoryResourcePaginator.swift; sourceTree = "<group>"; };
		5229CCEB1CD7D7D6008A13BE /* AccessoryViewController.swift */ = {isa = PBXFileReference; fileEncoding = 4; lastKnownFileType = sourcecode.swift; path = AccessoryViewController.swift; sourceTree = "<group>"; };
		5229CCEC1CD7D7D6008A13BE /* CharacterViewController.swift */ = {isa = PBXFileReference; fileEncoding = 4; lastKnownFileType = sourcecode.swift; path = CharacterViewController.swift; sourceTree = "<group>"; };
		52C6EFD61CDDD72E00394296 /* StringUtils.swift */ = {isa = PBXFileReference; fileEncoding = 4; lastKnownFileType = sourcecode.swift; path = StringUtils.swift; sourceTree = "<group>"; };
		52C6EFD81CDDD86C00394296 /* BaseResourceDetailViewController.swift */ = {isa = PBXFileReference; fileEncoding = 4; lastKnownFileType = sourcecode.swift; path = BaseResourceDetailViewController.swift; sourceTree = "<group>"; };
		52C6EFDA1CDDD8FD00394296 /* CompanyViewController.swift */ = {isa = PBXFileReference; fileEncoding = 4; lastKnownFileType = sourcecode.swift; path = CompanyViewController.swift; sourceTree = "<group>"; };
		52C6EFDC1CDDE4B700394296 /* GameViewController.swift */ = {isa = PBXFileReference; fileEncoding = 4; lastKnownFileType = sourcecode.swift; path = GameViewController.swift; sourceTree = "<group>"; };
		52C6EFE31CDE135200394296 /* DetailWebViewController.swift */ = {isa = PBXFileReference; fileEncoding = 4; lastKnownFileType = sourcecode.swift; path = DetailWebViewController.swift; sourceTree = "<group>"; };
		52C6EFE51CDE2C2000394296 /* FranchiseViewController.swift */ = {isa = PBXFileReference; fileEncoding = 4; lastKnownFileType = sourcecode.swift; path = FranchiseViewController.swift; sourceTree = "<group>"; };
		52C6EFE71CDE378C00394296 /* PersonViewController.swift */ = {isa = PBXFileReference; fileEncoding = 4; lastKnownFileType = sourcecode.swift; path = PersonViewController.swift; sourceTree = "<group>"; };
		52C6EFE91CDE5F7900394296 /* ConceptViewController.swift */ = {isa = PBXFileReference; fileEncoding = 4; lastKnownFileType = sourcecode.swift; path = ConceptViewController.swift; sourceTree = "<group>"; };
		52C6EFEB1CDE665900394296 /* GenreViewController.swift */ = {isa = PBXFileReference; fileEncoding = 4; lastKnownFileType = sourcecode.swift; path = GenreViewController.swift; sourceTree = "<group>"; };
		52C6EFED1CDE69A900394296 /* LocationViewController.swift */ = {isa = PBXFileReference; fileEncoding = 4; lastKnownFileType = sourcecode.swift; path = LocationViewController.swift; sourceTree = "<group>"; };
		52C6EFEF1CDE840B00394296 /* ObjectViewController.swift */ = {isa = PBXFileReference; fileEncoding = 4; lastKnownFileType = sourcecode.swift; path = ObjectViewController.swift; sourceTree = "<group>"; };
		52C6EFF11CDE881E00394296 /* VideoViewController.swift */ = {isa = PBXFileReference; fileEncoding = 4; lastKnownFileType = sourcecode.swift; path = VideoViewController.swift; sourceTree = "<group>"; };
		607FACD01AFB9204008FA782 /* SwiftBomb_Example.app */ = {isa = PBXFileReference; explicitFileType = wrapper.application; includeInIndex = 0; path = SwiftBomb_Example.app; sourceTree = BUILT_PRODUCTS_DIR; };
		607FACD41AFB9204008FA782 /* Info.plist */ = {isa = PBXFileReference; lastKnownFileType = text.plist.xml; path = Info.plist; sourceTree = "<group>"; };
		607FACD51AFB9204008FA782 /* AppDelegate.swift */ = {isa = PBXFileReference; lastKnownFileType = sourcecode.swift; path = AppDelegate.swift; sourceTree = "<group>"; };
		607FACDA1AFB9204008FA782 /* Base */ = {isa = PBXFileReference; lastKnownFileType = file.storyboard; name = Base; path = Base.lproj/Main.storyboard; sourceTree = "<group>"; };
		607FACDC1AFB9204008FA782 /* Images.xcassets */ = {isa = PBXFileReference; lastKnownFileType = folder.assetcatalog; path = Images.xcassets; sourceTree = "<group>"; };
		607FACDF1AFB9204008FA782 /* Base */ = {isa = PBXFileReference; lastKnownFileType = file.xib; name = Base; path = Base.lproj/LaunchScreen.xib; sourceTree = "<group>"; };
		607FACE51AFB9204008FA782 /* SwiftBomb_Tests.xctest */ = {isa = PBXFileReference; explicitFileType = wrapper.cfbundle; includeInIndex = 0; path = SwiftBomb_Tests.xctest; sourceTree = BUILT_PRODUCTS_DIR; };
		607FACEA1AFB9204008FA782 /* Info.plist */ = {isa = PBXFileReference; lastKnownFileType = text.plist.xml; path = Info.plist; sourceTree = "<group>"; };
		607FACEB1AFB9204008FA782 /* RequestTests.swift */ = {isa = PBXFileReference; lastKnownFileType = sourcecode.swift; path = RequestTests.swift; sourceTree = "<group>"; };
		62B6E8F2F9C59725B9637080 /* SwiftBomb.podspec */ = {isa = PBXFileReference; includeInIndex = 1; lastKnownFileType = text; name = SwiftBomb.podspec; path = ../SwiftBomb.podspec; sourceTree = "<group>"; };
		8390D518F98E8DF6F8B1B0D1 /* LICENSE */ = {isa = PBXFileReference; includeInIndex = 1; lastKnownFileType = text; name = LICENSE; path = ../LICENSE; sourceTree = "<group>"; };
		903999DF8E4F46C2C1BDFA11 /* Pods-SwiftBomb_Example.debug.xcconfig */ = {isa = PBXFileReference; includeInIndex = 1; lastKnownFileType = text.xcconfig; name = "Pods-SwiftBomb_Example.debug.xcconfig"; path = "Pods/Target Support Files/Pods-SwiftBomb_Example/Pods-SwiftBomb_Example.debug.xcconfig"; sourceTree = "<group>"; };
		B32A7B5CFB465F19E4086E93 /* Pods-SwiftBomb_Example.release.xcconfig */ = {isa = PBXFileReference; includeInIndex = 1; lastKnownFileType = text.xcconfig; name = "Pods-SwiftBomb_Example.release.xcconfig"; path = "Pods/Target Support Files/Pods-SwiftBomb_Example/Pods-SwiftBomb_Example.release.xcconfig"; sourceTree = "<group>"; };
		B6466137110C97AB8003295B /* Pods_SwiftBomb_Example.framework */ = {isa = PBXFileReference; explicitFileType = wrapper.framework; includeInIndex = 0; path = Pods_SwiftBomb_Example.framework; sourceTree = BUILT_PRODUCTS_DIR; };
		BDFC4B679B38ED8F3DF60E94 /* Pods-SwiftBomb_Tests.release.xcconfig */ = {isa = PBXFileReference; includeInIndex = 1; lastKnownFileType = text.xcconfig; name = "Pods-SwiftBomb_Tests.release.xcconfig"; path = "Pods/Target Support Files/Pods-SwiftBomb_Tests/Pods-SwiftBomb_Tests.release.xcconfig"; sourceTree = "<group>"; };
		D791A29DF78DA27407B52A86 /* README.md */ = {isa = PBXFileReference; includeInIndex = 1; lastKnownFileType = net.daringfireball.markdown; name = README.md; path = ../README.md; sourceTree = "<group>"; };
/* End PBXFileReference section */

/* Begin PBXFrameworksBuildPhase section */
		607FACCD1AFB9204008FA782 /* Frameworks */ = {
			isa = PBXFrameworksBuildPhase;
			buildActionMask = 2147483647;
			files = (
				059FA35A4B96CC8BF0290182 /* Pods_SwiftBomb_Example.framework in Frameworks */,
			);
			runOnlyForDeploymentPostprocessing = 0;
		};
		607FACE21AFB9204008FA782 /* Frameworks */ = {
			isa = PBXFrameworksBuildPhase;
			buildActionMask = 2147483647;
			files = (
				E431A7FE4B3A6572E47734EF /* Pods_SwiftBomb_Tests.framework in Frameworks */,
			);
			runOnlyForDeploymentPostprocessing = 0;
		};
/* End PBXFrameworksBuildPhase section */

/* Begin PBXGroup section */
		3ECA0EE40DF1C31E2A60E6CC /* Frameworks */ = {
			isa = PBXGroup;
			children = (
				B6466137110C97AB8003295B /* Pods_SwiftBomb_Example.framework */,
				360A82AFAB6306B95DC129C7 /* Pods_SwiftBomb_Tests.framework */,
			);
			name = Frameworks;
			sourceTree = "<group>";
		};
		5229CCB41CD7B302008A13BE /* DataProviders */ = {
			isa = PBXGroup;
			children = (
				5229CCE91CD7D6AC008A13BE /* AccessoryResourcePaginator.swift */,
				5229CCB51CD7B34C008A13BE /* CharactersResourcePaginator.swift */,
				5229CCB71CD7B34C008A13BE /* CompanyResourcePaginator.swift */,
				5229CCB81CD7B34C008A13BE /* ConceptResourcePaginator.swift */,
				5229CCB91CD7B34C008A13BE /* FranchiseResourcePaginator.swift */,
				5229CCBA1CD7B34C008A13BE /* GameResourcePaginator.swift */,
				5229CCBB1CD7B34C008A13BE /* GenreResourcePaginator.swift */,
				5229CCBC1CD7B34C008A13BE /* LocationResourcePaginator.swift */,
				5229CCBD1CD7B34C008A13BE /* ObjectResourcePaginator.swift */,
				5229CCBE1CD7B34C008A13BE /* PersonResourcePaginator.swift */,
				5229CCBF1CD7B34C008A13BE /* VideoResourcePaginator.swift */,
			);
			path = DataProviders;
			sourceTree = "<group>";
		};
		5229CCDA1CD7C7D5008A13BE /* ImageLoader */ = {
			isa = PBXGroup;
			children = (
				5229CCDB1CD7C7F0008A13BE /* Diskcached.swift */,
				5229CCDC1CD7C7F0008A13BE /* ImageLoader.h */,
				5229CCDD1CD7C7F0008A13BE /* ImageLoader.swift */,
				5229CCDE1CD7C7F0008A13BE /* Info.plist */,
				5229CCDF1CD7C7F0008A13BE /* Manager.swift */,
				5229CCE01CD7C7F0008A13BE /* UIImage+ImageLoader.swift */,
				5229CCE11CD7C7F0008A13BE /* UIImageView+ImageLoader.swift */,
			);
			path = ImageLoader;
			sourceTree = "<group>";
		};
		5229CCE81CD7D68D008A13BE /* DetailViewControllers */ = {
			isa = PBXGroup;
			children = (
				52C6EFE31CDE135200394296 /* DetailWebViewController.swift */,
				52C6EFD81CDDD86C00394296 /* BaseResourceDetailViewController.swift */,
				5229CCEB1CD7D7D6008A13BE /* AccessoryViewController.swift */,
				5229CCEC1CD7D7D6008A13BE /* CharacterViewController.swift */,
				52C6EFDA1CDDD8FD00394296 /* CompanyViewController.swift */,
				52C6EFE91CDE5F7900394296 /* ConceptViewController.swift */,
				52C6EFE51CDE2C2000394296 /* FranchiseViewController.swift */,
				52C6EFDC1CDDE4B700394296 /* GameViewController.swift */,
				52C6EFEB1CDE665900394296 /* GenreViewController.swift */,
				52C6EFED1CDE69A900394296 /* LocationViewController.swift */,
				52C6EFEF1CDE840B00394296 /* ObjectViewController.swift */,
				52C6EFE71CDE378C00394296 /* PersonViewController.swift */,
				52C6EFF11CDE881E00394296 /* VideoViewController.swift */,
			);
			path = DetailViewControllers;
			sourceTree = "<group>";
		};
		607FACC71AFB9204008FA782 = {
			isa = PBXGroup;
			children = (
				607FACF51AFB993E008FA782 /* Podspec Metadata */,
				607FACD21AFB9204008FA782 /* Example for SwiftBomb */,
				607FACE81AFB9204008FA782 /* Tests */,
				607FACD11AFB9204008FA782 /* Products */,
				CB619ADC949DA3132DC366EA /* Pods */,
				3ECA0EE40DF1C31E2A60E6CC /* Frameworks */,
			);
			sourceTree = "<group>";
		};
		607FACD11AFB9204008FA782 /* Products */ = {
			isa = PBXGroup;
			children = (
				607FACD01AFB9204008FA782 /* SwiftBomb_Example.app */,
				607FACE51AFB9204008FA782 /* SwiftBomb_Tests.xctest */,
			);
			name = Products;
			sourceTree = "<group>";
		};
		607FACD21AFB9204008FA782 /* Example for SwiftBomb */ = {
			isa = PBXGroup;
			children = (
				5229CCDA1CD7C7D5008A13BE /* ImageLoader */,
				607FACD51AFB9204008FA782 /* AppDelegate.swift */,
				52C6EFD61CDDD72E00394296 /* StringUtils.swift */,
				5229CCB41CD7B302008A13BE /* DataProviders */,
				5229CCE81CD7D68D008A13BE /* DetailViewControllers */,
				5229CCCE1CD7B836008A13BE /* ResourcesMenuViewController.swift */,
				5229CCCD1CD7B836008A13BE /* ResourcesListViewController.swift */,
				5229CCCF1CD7B836008A13BE /* ResourceTableViewCell.swift */,
				5229CCD01CD7B836008A13BE /* SearchResultsListViewController.swift */,
				607FACD91AFB9204008FA782 /* Main.storyboard */,
				607FACDC1AFB9204008FA782 /* Images.xcassets */,
				607FACDE1AFB9204008FA782 /* LaunchScreen.xib */,
				607FACD31AFB9204008FA782 /* Supporting Files */,
			);
			name = "Example for SwiftBomb";
			path = SwiftBomb;
			sourceTree = "<group>";
		};
		607FACD31AFB9204008FA782 /* Supporting Files */ = {
			isa = PBXGroup;
			children = (
				607FACD41AFB9204008FA782 /* Info.plist */,
			);
			name = "Supporting Files";
			sourceTree = "<group>";
		};
		607FACE81AFB9204008FA782 /* Tests */ = {
			isa = PBXGroup;
			children = (
				607FACEB1AFB9204008FA782 /* RequestTests.swift */,
				607FACE91AFB9204008FA782 /* Supporting Files */,
			);
			path = Tests;
			sourceTree = "<group>";
		};
		607FACE91AFB9204008FA782 /* Supporting Files */ = {
			isa = PBXGroup;
			children = (
				607FACEA1AFB9204008FA782 /* Info.plist */,
			);
			name = "Supporting Files";
			sourceTree = "<group>";
		};
		607FACF51AFB993E008FA782 /* Podspec Metadata */ = {
			isa = PBXGroup;
			children = (
				62B6E8F2F9C59725B9637080 /* SwiftBomb.podspec */,
				D791A29DF78DA27407B52A86 /* README.md */,
				8390D518F98E8DF6F8B1B0D1 /* LICENSE */,
			);
			name = "Podspec Metadata";
			sourceTree = "<group>";
		};
		CB619ADC949DA3132DC366EA /* Pods */ = {
			isa = PBXGroup;
			children = (
				903999DF8E4F46C2C1BDFA11 /* Pods-SwiftBomb_Example.debug.xcconfig */,
				B32A7B5CFB465F19E4086E93 /* Pods-SwiftBomb_Example.release.xcconfig */,
				0E08087DBE4665CB99790A49 /* Pods-SwiftBomb_Tests.debug.xcconfig */,
				BDFC4B679B38ED8F3DF60E94 /* Pods-SwiftBomb_Tests.release.xcconfig */,
			);
			name = Pods;
			sourceTree = "<group>";
		};
/* End PBXGroup section */

/* Begin PBXNativeTarget section */
		607FACCF1AFB9204008FA782 /* SwiftBomb_Example */ = {
			isa = PBXNativeTarget;
			buildConfigurationList = 607FACEF1AFB9204008FA782 /* Build configuration list for PBXNativeTarget "SwiftBomb_Example" */;
			buildPhases = (
				AE737A68A98193975E849788 /* Check Pods Manifest.lock */,
				607FACCC1AFB9204008FA782 /* Sources */,
				607FACCD1AFB9204008FA782 /* Frameworks */,
				607FACCE1AFB9204008FA782 /* Resources */,
				E277518B147EE84DA0326D5E /* Embed Pods Frameworks */,
				001602539097BD0959AFB70E /* Copy Pods Resources */,
			);
			buildRules = (
			);
			dependencies = (
			);
			name = SwiftBomb_Example;
			productName = SwiftBomb;
			productReference = 607FACD01AFB9204008FA782 /* SwiftBomb_Example.app */;
			productType = "com.apple.product-type.application";
		};
		607FACE41AFB9204008FA782 /* SwiftBomb_Tests */ = {
			isa = PBXNativeTarget;
			buildConfigurationList = 607FACF21AFB9204008FA782 /* Build configuration list for PBXNativeTarget "SwiftBomb_Tests" */;
			buildPhases = (
				1F378332E4AC6C9A13C24327 /* Check Pods Manifest.lock */,
				607FACE11AFB9204008FA782 /* Sources */,
				607FACE21AFB9204008FA782 /* Frameworks */,
				607FACE31AFB9204008FA782 /* Resources */,
				40720470BF72C3F14276F95A /* Embed Pods Frameworks */,
				01D1B775939C054AD5F9AAEB /* Copy Pods Resources */,
			);
			buildRules = (
			);
			dependencies = (
				607FACE71AFB9204008FA782 /* PBXTargetDependency */,
			);
			name = SwiftBomb_Tests;
			productName = Tests;
			productReference = 607FACE51AFB9204008FA782 /* SwiftBomb_Tests.xctest */;
			productType = "com.apple.product-type.bundle.unit-test";
		};
/* End PBXNativeTarget section */

/* Begin PBXProject section */
		607FACC81AFB9204008FA782 /* Project object */ = {
			isa = PBXProject;
			attributes = {
				LastSwiftUpdateCheck = 0720;
				LastUpgradeCheck = 0720;
				ORGANIZATIONNAME = CocoaPods;
				TargetAttributes = {
					607FACCF1AFB9204008FA782 = {
						CreatedOnToolsVersion = 6.3.1;
					};
					607FACE41AFB9204008FA782 = {
						CreatedOnToolsVersion = 6.3.1;
						TestTargetID = 607FACCF1AFB9204008FA782;
					};
				};
			};
			buildConfigurationList = 607FACCB1AFB9204008FA782 /* Build configuration list for PBXProject "SwiftBomb" */;
			compatibilityVersion = "Xcode 3.2";
			developmentRegion = English;
			hasScannedForEncodings = 0;
			knownRegions = (
				en,
				Base,
			);
			mainGroup = 607FACC71AFB9204008FA782;
			productRefGroup = 607FACD11AFB9204008FA782 /* Products */;
			projectDirPath = "";
			projectRoot = "";
			targets = (
				607FACCF1AFB9204008FA782 /* SwiftBomb_Example */,
				607FACE41AFB9204008FA782 /* SwiftBomb_Tests */,
			);
		};
/* End PBXProject section */

/* Begin PBXResourcesBuildPhase section */
		607FACCE1AFB9204008FA782 /* Resources */ = {
			isa = PBXResourcesBuildPhase;
			buildActionMask = 2147483647;
			files = (
				5229CCE41CD7C7F0008A13BE /* Info.plist in Resources */,
				607FACDB1AFB9204008FA782 /* Main.storyboard in Resources */,
				607FACE01AFB9204008FA782 /* LaunchScreen.xib in Resources */,
				607FACDD1AFB9204008FA782 /* Images.xcassets in Resources */,
			);
			runOnlyForDeploymentPostprocessing = 0;
		};
		607FACE31AFB9204008FA782 /* Resources */ = {
			isa = PBXResourcesBuildPhase;
			buildActionMask = 2147483647;
			files = (
			);
			runOnlyForDeploymentPostprocessing = 0;
		};
/* End PBXResourcesBuildPhase section */

/* Begin PBXShellScriptBuildPhase section */
		001602539097BD0959AFB70E /* Copy Pods Resources */ = {
			isa = PBXShellScriptBuildPhase;
			buildActionMask = 2147483647;
			files = (
			);
			inputPaths = (
			);
			name = "Copy Pods Resources";
			outputPaths = (
			);
			runOnlyForDeploymentPostprocessing = 0;
			shellPath = /bin/sh;
			shellScript = "\"${SRCROOT}/Pods/Target Support Files/Pods-SwiftBomb_Example/Pods-SwiftBomb_Example-resources.sh\"\n";
			showEnvVarsInLog = 0;
		};
		01D1B775939C054AD5F9AAEB /* Copy Pods Resources */ = {
			isa = PBXShellScriptBuildPhase;
			buildActionMask = 2147483647;
			files = (
			);
			inputPaths = (
			);
			name = "Copy Pods Resources";
			outputPaths = (
			);
			runOnlyForDeploymentPostprocessing = 0;
			shellPath = /bin/sh;
			shellScript = "\"${SRCROOT}/Pods/Target Support Files/Pods-SwiftBomb_Tests/Pods-SwiftBomb_Tests-resources.sh\"\n";
			showEnvVarsInLog = 0;
		};
		1F378332E4AC6C9A13C24327 /* Check Pods Manifest.lock */ = {
			isa = PBXShellScriptBuildPhase;
			buildActionMask = 2147483647;
			files = (
			);
			inputPaths = (
			);
			name = "Check Pods Manifest.lock";
			outputPaths = (
			);
			runOnlyForDeploymentPostprocessing = 0;
			shellPath = /bin/sh;
			shellScript = "diff \"${PODS_ROOT}/../Podfile.lock\" \"${PODS_ROOT}/Manifest.lock\" > /dev/null\nif [[ $? != 0 ]] ; then\n    cat << EOM\nerror: The sandbox is not in sync with the Podfile.lock. Run 'pod install' or update your CocoaPods installation.\nEOM\n    exit 1\nfi\n";
			showEnvVarsInLog = 0;
		};
		40720470BF72C3F14276F95A /* Embed Pods Frameworks */ = {
			isa = PBXShellScriptBuildPhase;
			buildActionMask = 2147483647;
			files = (
			);
			inputPaths = (
			);
			name = "Embed Pods Frameworks";
			outputPaths = (
			);
			runOnlyForDeploymentPostprocessing = 0;
			shellPath = /bin/sh;
			shellScript = "\"${SRCROOT}/Pods/Target Support Files/Pods-SwiftBomb_Tests/Pods-SwiftBomb_Tests-frameworks.sh\"\n";
			showEnvVarsInLog = 0;
		};
		AE737A68A98193975E849788 /* Check Pods Manifest.lock */ = {
			isa = PBXShellScriptBuildPhase;
			buildActionMask = 2147483647;
			files = (
			);
			inputPaths = (
			);
			name = "Check Pods Manifest.lock";
			outputPaths = (
			);
			runOnlyForDeploymentPostprocessing = 0;
			shellPath = /bin/sh;
			shellScript = "diff \"${PODS_ROOT}/../Podfile.lock\" \"${PODS_ROOT}/Manifest.lock\" > /dev/null\nif [[ $? != 0 ]] ; then\n    cat << EOM\nerror: The sandbox is not in sync with the Podfile.lock. Run 'pod install' or update your CocoaPods installation.\nEOM\n    exit 1\nfi\n";
			showEnvVarsInLog = 0;
		};
		E277518B147EE84DA0326D5E /* Embed Pods Frameworks */ = {
			isa = PBXShellScriptBuildPhase;
			buildActionMask = 2147483647;
			files = (
			);
			inputPaths = (
			);
			name = "Embed Pods Frameworks";
			outputPaths = (
			);
			runOnlyForDeploymentPostprocessing = 0;
			shellPath = /bin/sh;
			shellScript = "\"${SRCROOT}/Pods/Target Support Files/Pods-SwiftBomb_Example/Pods-SwiftBomb_Example-frameworks.sh\"\n";
			showEnvVarsInLog = 0;
		};
/* End PBXShellScriptBuildPhase section */

/* Begin PBXSourcesBuildPhase section */
		607FACCC1AFB9204008FA782 /* Sources */ = {
			isa = PBXSourcesBuildPhase;
			buildActionMask = 2147483647;
			files = (
				52C6EFE41CDE135200394296 /* DetailWebViewController.swift in Sources */,
				5229CCE61CD7C7F0008A13BE /* UIImage+ImageLoader.swift in Sources */,
				52C6EFEA1CDE5F7900394296 /* ConceptViewController.swift in Sources */,
				5229CCC61CD7B34C008A13BE /* GenreResourcePaginator.swift in Sources */,
				52C6EFEC1CDE665900394296 /* GenreViewController.swift in Sources */,
				5229CCE31CD7C7F0008A13BE /* ImageLoader.swift in Sources */,
				5229CCE71CD7C7F0008A13BE /* UIImageView+ImageLoader.swift in Sources */,
				5229CCCA1CD7B34C008A13BE /* VideoResourcePaginator.swift in Sources */,
				52C6EFF21CDE881E00394296 /* VideoViewController.swift in Sources */,
				5229CCE51CD7C7F0008A13BE /* Manager.swift in Sources */,
				5229CCC31CD7B34C008A13BE /* ConceptResourcePaginator.swift in Sources */,
				5229CCC21CD7B34C008A13BE /* CompanyResourcePaginator.swift in Sources */,
				5229CCEE1CD7D7D6008A13BE /* CharacterViewController.swift in Sources */,
				5229CCD31CD7B836008A13BE /* ResourcesListViewController.swift in Sources */,
				52C6EFDB1CDDD8FD00394296 /* CompanyViewController.swift in Sources */,
				5229CCC91CD7B34C008A13BE /* PersonResourcePaginator.swift in Sources */,
				5229CCEA1CD7D6AC008A13BE /* AccessoryResourcePaginator.swift in Sources */,
				52C6EFDD1CDDE4B700394296 /* GameViewController.swift in Sources */,
				52C6EFD71CDDD72E00394296 /* StringUtils.swift in Sources */,
				5229CCD61CD7B836008A13BE /* SearchResultsListViewController.swift in Sources */,
				5229CCD51CD7B836008A13BE /* ResourceTableViewCell.swift in Sources */,
				5229CCED1CD7D7D6008A13BE /* AccessoryViewController.swift in Sources */,
				52C6EFD91CDDD86C00394296 /* BaseResourceDetailViewController.swift in Sources */,
				52C6EFE61CDE2C2000394296 /* FranchiseViewController.swift in Sources */,
				5229CCC41CD7B34C008A13BE /* FranchiseResourcePaginator.swift in Sources */,
				5229CCC81CD7B34C008A13BE /* ObjectResourcePaginator.swift in Sources */,
				52C6EFF01CDE840B00394296 /* ObjectViewController.swift in Sources */,
				5229CCD41CD7B836008A13BE /* ResourcesMenuViewController.swift in Sources */,
				5229CCC71CD7B34C008A13BE /* LocationResourcePaginator.swift in Sources */,
				52C6EFEE1CDE69A900394296 /* LocationViewController.swift in Sources */,
				52C6EFE81CDE378C00394296 /* PersonViewController.swift in Sources */,
				5229CCC51CD7B34C008A13BE /* GameResourcePaginator.swift in Sources */,
				607FACD61AFB9204008FA782 /* AppDelegate.swift in Sources */,
				5229CCC01CD7B34C008A13BE /* CharactersResourcePaginator.swift in Sources */,
				5229CCE21CD7C7F0008A13BE /* Diskcached.swift in Sources */,
			);
			runOnlyForDeploymentPostprocessing = 0;
		};
		607FACE11AFB9204008FA782 /* Sources */ = {
			isa = PBXSourcesBuildPhase;
			buildActionMask = 2147483647;
			files = (
				607FACEC1AFB9204008FA782 /* RequestTests.swift in Sources */,
			);
			runOnlyForDeploymentPostprocessing = 0;
		};
/* End PBXSourcesBuildPhase section */

/* Begin PBXTargetDependency section */
		607FACE71AFB9204008FA782 /* PBXTargetDependency */ = {
			isa = PBXTargetDependency;
			target = 607FACCF1AFB9204008FA782 /* SwiftBomb_Example */;
			targetProxy = 607FACE61AFB9204008FA782 /* PBXContainerItemProxy */;
		};
/* End PBXTargetDependency section */

/* Begin PBXVariantGroup section */
		607FACD91AFB9204008FA782 /* Main.storyboard */ = {
			isa = PBXVariantGroup;
			children = (
				607FACDA1AFB9204008FA782 /* Base */,
			);
			name = Main.storyboard;
			sourceTree = "<group>";
		};
		607FACDE1AFB9204008FA782 /* LaunchScreen.xib */ = {
			isa = PBXVariantGroup;
			children = (
				607FACDF1AFB9204008FA782 /* Base */,
			);
			name = LaunchScreen.xib;
			sourceTree = "<group>";
		};
/* End PBXVariantGroup section */

/* Begin XCBuildConfiguration section */
		607FACED1AFB9204008FA782 /* Debug */ = {
			isa = XCBuildConfiguration;
			buildSettings = {
				ALWAYS_SEARCH_USER_PATHS = NO;
				CLANG_CXX_LANGUAGE_STANDARD = "gnu++0x";
				CLANG_CXX_LIBRARY = "libc++";
				CLANG_ENABLE_MODULES = YES;
				CLANG_ENABLE_OBJC_ARC = YES;
				CLANG_WARN_BOOL_CONVERSION = YES;
				CLANG_WARN_CONSTANT_CONVERSION = YES;
				CLANG_WARN_DIRECT_OBJC_ISA_USAGE = YES_ERROR;
				CLANG_WARN_EMPTY_BODY = YES;
				CLANG_WARN_ENUM_CONVERSION = YES;
				CLANG_WARN_INT_CONVERSION = YES;
				CLANG_WARN_OBJC_ROOT_CLASS = YES_ERROR;
				CLANG_WARN_UNREACHABLE_CODE = YES;
				CLANG_WARN__DUPLICATE_METHOD_MATCH = YES;
				"CODE_SIGN_IDENTITY[sdk=iphoneos*]" = "iPhone Developer";
				COPY_PHASE_STRIP = NO;
				DEBUG_INFORMATION_FORMAT = "dwarf-with-dsym";
				ENABLE_STRICT_OBJC_MSGSEND = YES;
				ENABLE_TESTABILITY = YES;
				GCC_C_LANGUAGE_STANDARD = gnu99;
				GCC_DYNAMIC_NO_PIC = NO;
				GCC_NO_COMMON_BLOCKS = YES;
				GCC_OPTIMIZATION_LEVEL = 0;
				GCC_PREPROCESSOR_DEFINITIONS = (
					"DEBUG=1",
					"$(inherited)",
				);
				GCC_SYMBOLS_PRIVATE_EXTERN = NO;
				GCC_WARN_64_TO_32_BIT_CONVERSION = YES;
				GCC_WARN_ABOUT_RETURN_TYPE = YES_ERROR;
				GCC_WARN_UNDECLARED_SELECTOR = YES;
				GCC_WARN_UNINITIALIZED_AUTOS = YES_AGGRESSIVE;
				GCC_WARN_UNUSED_FUNCTION = YES;
				GCC_WARN_UNUSED_VARIABLE = YES;
				IPHONEOS_DEPLOYMENT_TARGET = 8.3;
				MTL_ENABLE_DEBUG_INFO = YES;
				ONLY_ACTIVE_ARCH = YES;
				SDKROOT = iphoneos;
				SWIFT_OPTIMIZATION_LEVEL = "-Onone";
			};
			name = Debug;
		};
		607FACEE1AFB9204008FA782 /* Release */ = {
			isa = XCBuildConfiguration;
			buildSettings = {
				ALWAYS_SEARCH_USER_PATHS = NO;
				CLANG_CXX_LANGUAGE_STANDARD = "gnu++0x";
				CLANG_CXX_LIBRARY = "libc++";
				CLANG_ENABLE_MODULES = YES;
				CLANG_ENABLE_OBJC_ARC = YES;
				CLANG_WARN_BOOL_CONVERSION = YES;
				CLANG_WARN_CONSTANT_CONVERSION = YES;
				CLANG_WARN_DIRECT_OBJC_ISA_USAGE = YES_ERROR;
				CLANG_WARN_EMPTY_BODY = YES;
				CLANG_WARN_ENUM_CONVERSION = YES;
				CLANG_WARN_INT_CONVERSION = YES;
				CLANG_WARN_OBJC_ROOT_CLASS = YES_ERROR;
				CLANG_WARN_UNREACHABLE_CODE = YES;
				CLANG_WARN__DUPLICATE_METHOD_MATCH = YES;
				"CODE_SIGN_IDENTITY[sdk=iphoneos*]" = "iPhone Developer";
				COPY_PHASE_STRIP = NO;
				DEBUG_INFORMATION_FORMAT = "dwarf-with-dsym";
				ENABLE_NS_ASSERTIONS = NO;
				ENABLE_STRICT_OBJC_MSGSEND = YES;
				GCC_C_LANGUAGE_STANDARD = gnu99;
				GCC_NO_COMMON_BLOCKS = YES;
				GCC_WARN_64_TO_32_BIT_CONVERSION = YES;
				GCC_WARN_ABOUT_RETURN_TYPE = YES_ERROR;
				GCC_WARN_UNDECLARED_SELECTOR = YES;
				GCC_WARN_UNINITIALIZED_AUTOS = YES_AGGRESSIVE;
				GCC_WARN_UNUSED_FUNCTION = YES;
				GCC_WARN_UNUSED_VARIABLE = YES;
				IPHONEOS_DEPLOYMENT_TARGET = 8.3;
				MTL_ENABLE_DEBUG_INFO = NO;
				SDKROOT = iphoneos;
				VALIDATE_PRODUCT = YES;
			};
			name = Release;
		};
		607FACF01AFB9204008FA782 /* Debug */ = {
			isa = XCBuildConfiguration;
			baseConfigurationReference = 903999DF8E4F46C2C1BDFA11 /* Pods-SwiftBomb_Example.debug.xcconfig */;
			buildSettings = {
				ASSETCATALOG_COMPILER_APPICON_NAME = AppIcon;
				INFOPLIST_FILE = SwiftBomb/Info.plist;
				LD_RUNPATH_SEARCH_PATHS = "$(inherited) @executable_path/Frameworks";
				MODULE_NAME = ExampleApp;
				PRODUCT_BUNDLE_IDENTIFIER = "org.cocoapods.demo.$(PRODUCT_NAME:rfc1034identifier)";
				PRODUCT_NAME = "$(TARGET_NAME)";
			};
			name = Debug;
		};
		607FACF11AFB9204008FA782 /* Release */ = {
			isa = XCBuildConfiguration;
			baseConfigurationReference = B32A7B5CFB465F19E4086E93 /* Pods-SwiftBomb_Example.release.xcconfig */;
			buildSettings = {
				ASSETCATALOG_COMPILER_APPICON_NAME = AppIcon;
				INFOPLIST_FILE = SwiftBomb/Info.plist;
				LD_RUNPATH_SEARCH_PATHS = "$(inherited) @executable_path/Frameworks";
				MODULE_NAME = ExampleApp;
				PRODUCT_BUNDLE_IDENTIFIER = "org.cocoapods.demo.$(PRODUCT_NAME:rfc1034identifier)";
				PRODUCT_NAME = "$(TARGET_NAME)";
			};
			name = Release;
		};
		607FACF31AFB9204008FA782 /* Debug */ = {
			isa = XCBuildConfiguration;
			baseConfigurationReference = 0E08087DBE4665CB99790A49 /* Pods-SwiftBomb_Tests.debug.xcconfig */;
			buildSettings = {
				FRAMEWORK_SEARCH_PATHS = (
					"$(SDKROOT)/Developer/Library/Frameworks",
					"$(inherited)",
				);
				GCC_PREPROCESSOR_DEFINITIONS = (
					"DEBUG=1",
					"$(inherited)",
				);
				INFOPLIST_FILE = Tests/Info.plist;
				LD_RUNPATH_SEARCH_PATHS = "$(inherited) @executable_path/Frameworks @loader_path/Frameworks";
				PRODUCT_BUNDLE_IDENTIFIER = "org.cocoapods.$(PRODUCT_NAME:rfc1034identifier)";
				PRODUCT_NAME = "$(TARGET_NAME)";
			};
			name = Debug;
		};
		607FACF41AFB9204008FA782 /* Release */ = {
			isa = XCBuildConfiguration;
			baseConfigurationReference = BDFC4B679B38ED8F3DF60E94 /* Pods-SwiftBomb_Tests.release.xcconfig */;
			buildSettings = {
				FRAMEWORK_SEARCH_PATHS = (
					"$(SDKROOT)/Developer/Library/Frameworks",
					"$(inherited)",
				);
				INFOPLIST_FILE = Tests/Info.plist;
				LD_RUNPATH_SEARCH_PATHS = "$(inherited) @executable_path/Frameworks @loader_path/Frameworks";
				PRODUCT_BUNDLE_IDENTIFIER = "org.cocoapods.$(PRODUCT_NAME:rfc1034identifier)";
				PRODUCT_NAME = "$(TARGET_NAME)";
			};
			name = Release;
		};
/* End XCBuildConfiguration section */

/* Begin XCConfigurationList section */
		607FACCB1AFB9204008FA782 /* Build configuration list for PBXProject "SwiftBomb" */ = {
			isa = XCConfigurationList;
			buildConfigurations = (
				607FACED1AFB9204008FA782 /* Debug */,
				607FACEE1AFB9204008FA782 /* Release */,
			);
			defaultConfigurationIsVisible = 0;
			defaultConfigurationName = Release;
		};
		607FACEF1AFB9204008FA782 /* Build configuration list for PBXNativeTarget "SwiftBomb_Example" */ = {
			isa = XCConfigurationList;
			buildConfigurations = (
				607FACF01AFB9204008FA782 /* Debug */,
				607FACF11AFB9204008FA782 /* Release */,
			);
			defaultConfigurationIsVisible = 0;
			defaultConfigurationName = Release;
		};
		607FACF21AFB9204008FA782 /* Build configuration list for PBXNativeTarget "SwiftBomb_Tests" */ = {
			isa = XCConfigurationList;
			buildConfigurations = (
				607FACF31AFB9204008FA782 /* Debug */,
				607FACF41AFB9204008FA782 /* Release */,
			);
			defaultConfigurationIsVisible = 0;
			defaultConfigurationName = Release;
		};
/* End XCConfigurationList section */
	};
	rootObject = 607FACC81AFB9204008FA782 /* Project object */;
}
